
Microsoft Visual Studio Solution File, Format Version 12.00
# Visual Studio Version 16
VisualStudioVersion = 16.0.31911.196
MinimumVisualStudioVersion = 10.0.40219.1
Project("{FAE04EC0-301F-11D3-BF4B-00C04F79EFBC}") = "Task(12.1)", "Task(12.1)\Task(12.1).csproj", "{AFF44F97-876B-48E1-86AF-3BFD5BE5AF87}"
EndProject
Global
	GlobalSection(SolutionConfigurationPlatforms) = preSolution
		Debug|Any CPU = Debug|Any CPU
		Release|Any CPU = Release|Any CPU
	EndGlobalSection
	GlobalSection(ProjectConfigurationPlatforms) = postSolution
		{AFF44F97-876B-48E1-86AF-3BFD5BE5AF87}.Debug|Any CPU.ActiveCfg = Debug|Any CPU
		{AFF44F97-876B-48E1-86AF-3BFD5BE5AF87}.Debug|Any CPU.Build.0 = Debug|Any CPU
		{AFF44F97-876B-48E1-86AF-3BFD5BE5AF87}.Release|Any CPU.ActiveCfg = Release|Any CPU
		{AFF44F97-876B-48E1-86AF-3BFD5BE5AF87}.Release|Any CPU.Build.0 = Release|Any CPU
	EndGlobalSection
	GlobalSection(SolutionProperties) = preSolution
		HideSolutionNode = FALSE
	EndGlobalSection
	GlobalSection(ExtensibilityGlobals) = postSolution
		SolutionGuid = {016F9965-0DE5-4683-88D5-147A8F535412}
	EndGlobalSection
EndGlobal
